<?xml version="1.0"?>
<Project ToolsVersion="4.0" xmlns="http://schemas.microsoft.com/developer/msbuild/2003">
	<ItemGroup>
		<ClCompile Include="src\ofApp.cpp">
			<Filter>src</Filter>
		</ClCompile>
		<ClCompile Include="src\main.cpp">
			<Filter>src</Filter>
		</ClCompile>
		<ClCompile Include="src\ofxOscSender.cpp">
			<Filter>src</Filter>
		</ClCompile>
		<ClCompile Include="src\ofxOscReceiver.cpp">
			<Filter>src</Filter>
		</ClCompile>
		<ClCompile Include="src\ofxOscMessage.cpp">
			<Filter>src</Filter>
		</ClCompile>
		<ClCompile Include="src\ofxOscBundle.cpp">
			<Filter>src</Filter>
		</ClCompile>
		<ClCompile Include="src\ofxOscParameterSync.cpp">
			<Filter>src</Filter>
		</ClCompile>
	</ItemGroup>
	<ItemGroup>
		<Filter Include="src">
			<UniqueIdentifier>{d8376475-7454-4a24-b08a-aac121d3ad6f}</UniqueIdentifier>
		</Filter>
	</ItemGroup>
	<ItemGroup>
		<ClInclude Include="src\ofApp.h">
			<Filter>src</Filter>
		</ClInclude>
		<ClInclude Include="src\ofxOsc.h">
			<Filter>src</Filter>
		</ClInclude>
		<ClInclude Include="src\ofxOscBundle.h">
			<Filter>src</Filter>
		</ClInclude>
		<ClInclude Include="src\ofxOscParameterSync.h">
			<Filter>src</Filter>
		</ClInclude>
		<ClInclude Include="src\ofxOscReceiver.h">
			<Filter>src</Filter>
		</ClInclude>
		<ClInclude Include="src\ofxOscSender.h">
			<Filter>src</Filter>
		</ClInclude>
		<ClInclude Include="src\ofxOscMessage.h">
			<Filter>src</Filter>
		</ClInclude>
		<ClInclude Include="src\ofxOscArg.h">
			<Filter>src</Filter>
		</ClInclude>
	</ItemGroup>
	<ItemGroup>
		<ResourceCompile Include="icon.rc" />
	</ItemGroup>
</Project>
