<?xml version="1.0"?>
<plist version="1.0">
	<dict>
		<key>archiveVersion</key>
		<string>1</string>
		<key>classes</key>
		<dict />
		<key>objectVersion</key>
		<string>46</string>
		<key>objects</key>
		<dict>
			<key>6EA145EEF6FAD99EF7EF127A</key>
			<dict>
				<key>fileRef</key>
				<string>E24DA300C7BD4978B6C5A3C6</string>
				<key>isa</key>
				<string>PBXBuildFile</string>
			</dict>
			<key>E24DA300C7BD4978B6C5A3C6</key>
			<dict>
				<key>explicitFileType</key>
				<string>sourcecode.cpp.objcpp</string>
				<key>fileEncoding</key>
				<string>4</string>
				<key>isa</key>
				<string>PBXFileReference</string>
				<key>name</key>
				<string>ofxiOSVideoPlayer.mm</string>
				<key>path</key>
				<string>src/video/ofxiOSVideoPlayer.mm</string>
				<key>sourceTree</key>
				<string>SOURCE_ROOT</string>
			</dict>
			<key>4FC744D264EAE994BB366768</key>
			<dict>
				<key>explicitFileType</key>
				<string>sourcecode.c.h</string>
				<key>fileEncoding</key>
				<string>4</string>
				<key>isa</key>
				<string>PBXFileReference</string>
				<key>name</key>
				<string>ofxiOSVideoPlayer.h</string>
				<key>path</key>
				<string>src/video/ofxiOSVideoPlayer.h</string>
				<key>sourceTree</key>
				<string>SOURCE_ROOT</string>
			</dict>
			<key>8AB96C0167EA87CDF581EC50</key>
			<dict>
				<key>fileRef</key>
				<string>1CF82EC935F19779269990FA</string>
				<key>isa</key>
				<string>PBXBuildFile</string>
			</dict>
			<key>1CF82EC935F19779269990FA</key>
			<dict>
				<key>explicitFileType</key>
				<string>sourcecode.cpp.objcpp</string>
				<key>fileEncoding</key>
				<string>4</string>
				<key>isa</key>
				<string>PBXFileReference</string>
				<key>name</key>
				<string>ofxiOSVideoGrabber.mm</string>
				<key>path</key>
				<string>src/video/ofxiOSVideoGrabber.mm</string>
				<key>sourceTree</key>
				<string>SOURCE_ROOT</string>
			</dict>
			<key>9BB05B6980F536CA3AC19E19</key>
			<dict>
				<key>explicitFileType</key>
				<string>sourcecode.c.h</string>
				<key>fileEncoding</key>
				<string>4</string>
				<key>isa</key>
				<string>PBXFileReference</string>
				<key>name</key>
				<string>ofxiOSVideoGrabber.h</string>
				<key>path</key>
				<string>src/video/ofxiOSVideoGrabber.h</string>
				<key>sourceTree</key>
				<string>SOURCE_ROOT</string>
			</dict>
			<key>AFA06E6B44517443436904F3</key>
			<dict>
				<key>fileRef</key>
				<string>7F9DBBD26EF39F479510D7D4</string>
				<key>isa</key>
				<string>PBXBuildFile</string>
			</dict>
			<key>7F9DBBD26EF39F479510D7D4</key>
			<dict>
				<key>explicitFileType</key>
				<string>sourcecode.cpp.objcpp</string>
				<key>fileEncoding</key>
				<string>4</string>
				<key>isa</key>
				<string>PBXFileReference</string>
				<key>name</key>
				<string>AVFoundationVideoPlayer.m</string>
				<key>path</key>
				<string>src/video/AVFoundationVideoPlayer.m</string>
				<key>sourceTree</key>
				<string>SOURCE_ROOT</string>
			</dict>
			<key>96CF862797A8C04C52E9736F</key>
			<dict>
				<key>explicitFileType</key>
				<string>sourcecode.c.h</string>
				<key>fileEncoding</key>
				<string>4</string>
				<key>isa</key>
				<string>PBXFileReference</string>
				<key>name</key>
				<string>AVFoundationVideoPlayer.h</string>
				<key>path</key>
				<string>src/video/AVFoundationVideoPlayer.h</string>
				<key>sourceTree</key>
				<string>SOURCE_ROOT</string>
			</dict>
			<key>D678191CA47EC78CDB7CEA64</key>
			<dict>
				<key>fileRef</key>
				<string>5C1D4A7CEF5D1A5B4D60B907</string>
				<key>isa</key>
				<string>PBXBuildFile</string>
			</dict>
			<key>5C1D4A7CEF5D1A5B4D60B907</key>
			<dict>
				<key>explicitFileType</key>
				<string>sourcecode.cpp.objcpp</string>
				<key>fileEncoding</key>
				<string>4</string>
				<key>isa</key>
				<string>PBXFileReference</string>
				<key>name</key>
				<string>AVFoundationVideoGrabber.mm</string>
				<key>path</key>
				<string>src/video/AVFoundationVideoGrabber.mm</string>
				<key>sourceTree</key>
				<string>SOURCE_ROOT</string>
			</dict>
			<key>33FD26B8A189EF712A8D172B</key>
			<dict>
				<key>children</key>
				<array>
					<string>4C2D194C66C5CA4447A1CD0A</string>
					<string>5C1D4A7CEF5D1A5B4D60B907</string>
					<string>96CF862797A8C04C52E9736F</string>
					<string>7F9DBBD26EF39F479510D7D4</string>
					<string>9BB05B6980F536CA3AC19E19</string>
					<string>1CF82EC935F19779269990FA</string>
					<string>4FC744D264EAE994BB366768</string>
					<string>E24DA300C7BD4978B6C5A3C6</string>
				</array>
				<key>isa</key>
				<string>PBXGroup</string>
				<key>name</key>
				<string>video</string>
				<key>sourceTree</key>
				<string>&lt;group&gt;</string>
			</dict>
			<key>4C2D194C66C5CA4447A1CD0A</key>
			<dict>
				<key>explicitFileType</key>
				<string>sourcecode.c.h</string>
				<key>fileEncoding</key>
				<string>4</string>
				<key>isa</key>
				<string>PBXFileReference</string>
				<key>name</key>
				<string>AVFoundationVideoGrabber.h</string>
				<key>path</key>
				<string>src/video/AVFoundationVideoGrabber.h</string>
				<key>sourceTree</key>
				<string>SOURCE_ROOT</string>
			</dict>
			<key>37C8F5B4F9F9BC3E9FAE7515</key>
			<dict>
				<key>explicitFileType</key>
				<string>sourcecode.c.h</string>
				<key>fileEncoding</key>
				<string>4</string>
				<key>isa</key>
				<string>PBXFileReference</string>
				<key>name</key>
				<string>ofxiPhoneExtras.h</string>
				<key>path</key>
				<string>src/utils/ofxiPhoneExtras.h</string>
				<key>sourceTree</key>
				<string>SOURCE_ROOT</string>
			</dict>
			<key>DEB190C77B0DA76ABE7767EE</key>
			<dict>
				<key>explicitFileType</key>
				<string>sourcecode.c.h</string>
				<key>fileEncoding</key>
				<string>4</string>
				<key>isa</key>
				<string>PBXFileReference</string>
				<key>name</key>
				<string>ofxiOSMapKitListener.h</string>
				<key>path</key>
				<string>src/utils/ofxiOSMapKitListener.h</string>
				<key>sourceTree</key>
				<string>SOURCE_ROOT</string>
			</dict>
			<key>724DC5939B5BBBEC36EAC679</key>
			<dict>
				<key>fileRef</key>
				<string>3DEE6B39B5230E6A48CC3F66</string>
				<key>isa</key>
				<string>PBXBuildFile</string>
			</dict>
			<key>3DEE6B39B5230E6A48CC3F66</key>
			<dict>
				<key>explicitFileType</key>
				<string>sourcecode.cpp.objcpp</string>
				<key>fileEncoding</key>
				<string>4</string>
				<key>isa</key>
				<string>PBXFileReference</string>
				<key>name</key>
				<string>ofxiOSMapKitDelegate.mm</string>
				<key>path</key>
				<string>src/utils/ofxiOSMapKitDelegate.mm</string>
				<key>sourceTree</key>
				<string>SOURCE_ROOT</string>
			</dict>
			<key>561E7DFDEDF305E47FF8B549</key>
			<dict>
				<key>explicitFileType</key>
				<string>sourcecode.c.h</string>
				<key>fileEncoding</key>
				<string>4</string>
				<key>isa</key>
				<string>PBXFileReference</string>
				<key>name</key>
				<string>ofxiOSMapKitDelegate.h</string>
				<key>path</key>
				<string>src/utils/ofxiOSMapKitDelegate.h</string>
				<key>sourceTree</key>
				<string>SOURCE_ROOT</string>
			</dict>
			<key>8291CC420747D977F2FD0F30</key>
			<dict>
				<key>fileRef</key>
				<string>939B594711A891C7865B3D27</string>
				<key>isa</key>
				<string>PBXBuildFile</string>
			</dict>
			<key>939B594711A891C7865B3D27</key>
			<dict>
				<key>explicitFileType</key>
				<string>sourcecode.cpp.objcpp</string>
				<key>fileEncoding</key>
				<string>4</string>
				<key>isa</key>
				<string>PBXFileReference</string>
				<key>name</key>
				<string>ofxiOSMapKit.mm</string>
				<key>path</key>
				<string>src/utils/ofxiOSMapKit.mm</string>
				<key>sourceTree</key>
				<string>SOURCE_ROOT</string>
			</dict>
			<key>D5045A3C2D12FC2AA821E970</key>
			<dict>
				<key>explicitFileType</key>
				<string>sourcecode.c.h</string>
				<key>fileEncoding</key>
				<string>4</string>
				<key>isa</key>
				<string>PBXFileReference</string>
				<key>name</key>
				<string>ofxiOSMapKit.h</string>
				<key>path</key>
				<string>src/utils/ofxiOSMapKit.h</string>
				<key>sourceTree</key>
				<string>SOURCE_ROOT</string>
			</dict>
			<key>6750ADBE702799BC479554D4</key>
			<dict>
				<key>fileRef</key>
				<string>01F3E1C0D5439B3F987EE598</string>
				<key>isa</key>
				<string>PBXBuildFile</string>
			</dict>
			<key>01F3E1C0D5439B3F987EE598</key>
			<dict>
				<key>explicitFileType</key>
				<string>sourcecode.cpp.objcpp</string>
				<key>fileEncoding</key>
				<string>4</string>
				<key>isa</key>
				<string>PBXFileReference</string>
				<key>name</key>
				<string>ofxiOSKeyboard.mm</string>
				<key>path</key>
				<string>src/utils/ofxiOSKeyboard.mm</string>
				<key>sourceTree</key>
				<string>SOURCE_ROOT</string>
			</dict>
			<key>5E55E05301A0A1090290CB7B</key>
			<dict>
				<key>explicitFileType</key>
				<string>sourcecode.c.h</string>
				<key>fileEncoding</key>
				<string>4</string>
				<key>isa</key>
				<string>PBXFileReference</string>
				<key>name</key>
				<string>ofxiOSKeyboard.h</string>
				<key>path</key>
				<string>src/utils/ofxiOSKeyboard.h</string>
				<key>sourceTree</key>
				<string>SOURCE_ROOT</string>
			</dict>
			<key>D75CB1A249642BF51A3CE720</key>
			<dict>
				<key>fileRef</key>
				<string>8403E683084EF226E534F341</string>
				<key>isa</key>
				<string>PBXBuildFile</string>
			</dict>
			<key>8403E683084EF226E534F341</key>
			<dict>
				<key>explicitFileType</key>
				<string>sourcecode.cpp.objcpp</string>
				<key>fileEncoding</key>
				<string>4</string>
				<key>isa</key>
				<string>PBXFileReference</string>
				<key>name</key>
				<string>ofxiOSImagePicker.mm</string>
				<key>path</key>
				<string>src/utils/ofxiOSImagePicker.mm</string>
				<key>sourceTree</key>
				<string>SOURCE_ROOT</string>
			</dict>
			<key>B4C7D0DC8C997199E2B7B31F</key>
			<dict>
				<key>explicitFileType</key>
				<string>sourcecode.c.h</string>
				<key>fileEncoding</key>
				<string>4</string>
				<key>isa</key>
				<string>PBXFileReference</string>
				<key>name</key>
				<string>ofxiOSImagePicker.h</string>
				<key>path</key>
				<string>src/utils/ofxiOSImagePicker.h</string>
				<key>sourceTree</key>
				<string>SOURCE_ROOT</string>
			</dict>
			<key>81B3A7C5F2D87F37B20A55D9</key>
			<dict>
				<key>fileRef</key>
				<string>83FF18DD4735AD9CC344ACBC</string>
				<key>isa</key>
				<string>PBXBuildFile</string>
			</dict>
			<key>83FF18DD4735AD9CC344ACBC</key>
			<dict>
				<key>explicitFileType</key>
				<string>sourcecode.cpp.objcpp</string>
				<key>fileEncoding</key>
				<string>4</string>
				<key>isa</key>
				<string>PBXFileReference</string>
				<key>name</key>
				<string>ofxiOSExtras.mm</string>
				<key>path</key>
				<string>src/utils/ofxiOSExtras.mm</string>
				<key>sourceTree</key>
				<string>SOURCE_ROOT</string>
			</dict>
			<key>1C47C10025F81322BC2445D1</key>
			<dict>
				<key>explicitFileType</key>
				<string>sourcecode.c.h</string>
				<key>fileEncoding</key>
				<string>4</string>
				<key>isa</key>
				<string>PBXFileReference</string>
				<key>name</key>
				<string>ofxiOSExtras.h</string>
				<key>path</key>
				<string>src/utils/ofxiOSExtras.h</string>
				<key>sourceTree</key>
				<string>SOURCE_ROOT</string>
			</dict>
			<key>71EAACB200B60646F3072F65</key>
			<dict>
				<key>fileRef</key>
				<string>5C6E6A39765FC6EAF99EF7BC</string>
				<key>isa</key>
				<string>PBXBuildFile</string>
			</dict>
			<key>5C6E6A39765FC6EAF99EF7BC</key>
			<dict>
				<key>explicitFileType</key>
				<string>sourcecode.cpp.objcpp</string>
				<key>fileEncoding</key>
				<string>4</string>
				<key>isa</key>
				<string>PBXFileReference</string>
				<key>name</key>
				<string>ofxiOSExternalDisplay.mm</string>
				<key>path</key>
				<string>src/utils/ofxiOSExternalDisplay.mm</string>
				<key>sourceTree</key>
				<string>SOURCE_ROOT</string>
			</dict>
			<key>C9064AC862371782B4334A1A</key>
			<dict>
				<key>explicitFileType</key>
				<string>sourcecode.c.h</string>
				<key>fileEncoding</key>
				<string>4</string>
				<key>isa</key>
				<string>PBXFileReference</string>
				<key>name</key>
				<string>ofxiOSExternalDisplay.h</string>
				<key>path</key>
				<string>src/utils/ofxiOSExternalDisplay.h</string>
				<key>sourceTree</key>
				<string>SOURCE_ROOT</string>
			</dict>
			<key>99869694BC48905022907B85</key>
			<dict>
				<key>fileRef</key>
				<string>3D8F0E5B7D3D7936FC3E815E</string>
				<key>isa</key>
				<string>PBXBuildFile</string>
			</dict>
			<key>3D8F0E5B7D3D7936FC3E815E</key>
			<dict>
				<key>explicitFileType</key>
				<string>sourcecode.cpp.objcpp</string>
				<key>fileEncoding</key>
				<string>4</string>
				<key>isa</key>
				<string>PBXFileReference</string>
				<key>name</key>
				<string>ofxiOSEventAdapter.mm</string>
				<key>path</key>
				<string>src/utils/ofxiOSEventAdapter.mm</string>
				<key>sourceTree</key>
				<string>SOURCE_ROOT</string>
			</dict>
			<key>BD6FE0C1367DED3683A2C75E</key>
			<dict>
				<key>explicitFileType</key>
				<string>sourcecode.c.h</string>
				<key>fileEncoding</key>
				<string>4</string>
				<key>isa</key>
				<string>PBXFileReference</string>
				<key>name</key>
				<string>ofxiOSEventAdapter.h</string>
				<key>path</key>
				<string>src/utils/ofxiOSEventAdapter.h</string>
				<key>sourceTree</key>
				<string>SOURCE_ROOT</string>
			</dict>
			<key>EBCADF5696E043A94DE2970E</key>
			<dict>
				<key>fileRef</key>
				<string>488BC4D7DB2D5ADB7ECF778A</string>
				<key>isa</key>
				<string>PBXBuildFile</string>
			</dict>
			<key>488BC4D7DB2D5ADB7ECF778A</key>
			<dict>
				<key>explicitFileType</key>
				<string>sourcecode.cpp.objcpp</string>
				<key>fileEncoding</key>
				<string>4</string>
				<key>isa</key>
				<string>PBXFileReference</string>
				<key>name</key>
				<string>ofxiOSCoreMotion.mm</string>
				<key>path</key>
				<string>src/utils/ofxiOSCoreMotion.mm</string>
				<key>sourceTree</key>
				<string>SOURCE_ROOT</string>
			</dict>
			<key>362DBB9D99DF01D134B53F45</key>
			<dict>
				<key>explicitFileType</key>
				<string>sourcecode.c.h</string>
				<key>fileEncoding</key>
				<string>4</string>
				<key>isa</key>
				<string>PBXFileReference</string>
				<key>name</key>
				<string>ofxiOSCoreMotion.h</string>
				<key>path</key>
				<string>src/utils/ofxiOSCoreMotion.h</string>
				<key>sourceTree</key>
				<string>SOURCE_ROOT</string>
			</dict>
			<key>FCDC2487C6C7CB5D3818B91C</key>
			<dict>
				<key>fileRef</key>
				<string>0B366C37C897F118A25C63EE</string>
				<key>isa</key>
				<string>PBXBuildFile</string>
			</dict>
			<key>0B366C37C897F118A25C63EE</key>
			<dict>
				<key>explicitFileType</key>
				<string>sourcecode.cpp.objcpp</string>
				<key>fileEncoding</key>
				<string>4</string>
				<key>isa</key>
				<string>PBXFileReference</string>
				<key>name</key>
				<string>ofxiOSCoreLocation.mm</string>
				<key>path</key>
				<string>src/utils/ofxiOSCoreLocation.mm</string>
				<key>sourceTree</key>
				<string>SOURCE_ROOT</string>
			</dict>
			<key>6B6AD5A931E565B62CDF53FA</key>
			<dict>
				<key>children</key>
				<array>
					<string>53B55AE4EEE9FA5EA02F3C25</string>
					<string>0B366C37C897F118A25C63EE</string>
					<string>362DBB9D99DF01D134B53F45</string>
					<string>488BC4D7DB2D5ADB7ECF778A</string>
					<string>BD6FE0C1367DED3683A2C75E</string>
					<string>3D8F0E5B7D3D7936FC3E815E</string>
					<string>C9064AC862371782B4334A1A</string>
					<string>5C6E6A39765FC6EAF99EF7BC</string>
					<string>1C47C10025F81322BC2445D1</string>
					<string>83FF18DD4735AD9CC344ACBC</string>
					<string>B4C7D0DC8C997199E2B7B31F</string>
					<string>8403E683084EF226E534F341</string>
					<string>5E55E05301A0A1090290CB7B</string>
					<string>01F3E1C0D5439B3F987EE598</string>
					<string>D5045A3C2D12FC2AA821E970</string>
					<string>939B594711A891C7865B3D27</string>
					<string>561E7DFDEDF305E47FF8B549</string>
					<string>3DEE6B39B5230E6A48CC3F66</string>
					<string>DEB190C77B0DA76ABE7767EE</string>
					<string>37C8F5B4F9F9BC3E9FAE7515</string>
				</array>
				<key>isa</key>
				<string>PBXGroup</string>
				<key>name</key>
				<string>utils</string>
				<key>sourceTree</key>
				<string>&lt;group&gt;</string>
			</dict>
			<key>53B55AE4EEE9FA5EA02F3C25</key>
			<dict>
				<key>explicitFileType</key>
				<string>sourcecode.c.h</string>
				<key>fileEncoding</key>
				<string>4</string>
				<key>isa</key>
				<string>PBXFileReference</string>
				<key>name</key>
				<string>ofxiOSCoreLocation.h</string>
				<key>path</key>
				<string>src/utils/ofxiOSCoreLocation.h</string>
				<key>sourceTree</key>
				<string>SOURCE_ROOT</string>
			</dict>
			<key>A1CB5400B033F09A5AC7E20C</key>
			<dict>
				<key>fileRef</key>
				<string>78F275275EE83097D9EC49F0</string>
				<key>isa</key>
				<string>PBXBuildFile</string>
			</dict>
			<key>78F275275EE83097D9EC49F0</key>
			<dict>
				<key>explicitFileType</key>
				<string>sourcecode.cpp.objcpp</string>
				<key>fileEncoding</key>
				<string>4</string>
				<key>isa</key>
				<string>PBXFileReference</string>
				<key>name</key>
				<string>ofxtvOSViewController.mm</string>
				<key>path</key>
				<string>src/tvOS/ofxtvOSViewController.mm</string>
				<key>sourceTree</key>
				<string>SOURCE_ROOT</string>
			</dict>
			<key>D562BB1AE1997A89036E15EA</key>
			<dict>
				<key>explicitFileType</key>
				<string>sourcecode.c.h</string>
				<key>fileEncoding</key>
				<string>4</string>
				<key>isa</key>
				<string>PBXFileReference</string>
				<key>name</key>
				<string>ofxtvOSViewController.h</string>
				<key>path</key>
				<string>src/tvOS/ofxtvOSViewController.h</string>
				<key>sourceTree</key>
				<string>SOURCE_ROOT</string>
			</dict>
			<key>AF240D121E5FE16D0E66DF6C</key>
			<dict>
				<key>fileRef</key>
				<string>68D817FFC46AFECD73D38C1C</string>
				<key>isa</key>
				<string>PBXBuildFile</string>
			</dict>
			<key>68D817FFC46AFECD73D38C1C</key>
			<dict>
				<key>explicitFileType</key>
				<string>sourcecode.cpp.objcpp</string>
				<key>fileEncoding</key>
				<string>4</string>
				<key>isa</key>
				<string>PBXFileReference</string>
				<key>name</key>
				<string>ofxtvOSAppDelegate.mm</string>
				<key>path</key>
				<string>src/tvOS/ofxtvOSAppDelegate.mm</string>
				<key>sourceTree</key>
				<string>SOURCE_ROOT</string>
			</dict>
			<key>BB2908A6834CCFAC5CC3CC9E</key>
			<dict>
				<key>children</key>
				<array>
					<string>CF2B663B7A831FEE67390840</string>
					<string>68D817FFC46AFECD73D38C1C</string>
					<string>D562BB1AE1997A89036E15EA</string>
					<string>78F275275EE83097D9EC49F0</string>
				</array>
				<key>isa</key>
				<string>PBXGroup</string>
				<key>name</key>
				<string>tvOS</string>
				<key>sourceTree</key>
				<string>&lt;group&gt;</string>
			</dict>
			<key>CF2B663B7A831FEE67390840</key>
			<dict>
				<key>explicitFileType</key>
				<string>sourcecode.c.h</string>
				<key>fileEncoding</key>
				<string>4</string>
				<key>isa</key>
				<string>PBXFileReference</string>
				<key>name</key>
				<string>ofxtvOSAppDelegate.h</string>
				<key>path</key>
				<string>src/tvOS/ofxtvOSAppDelegate.h</string>
				<key>sourceTree</key>
				<string>SOURCE_ROOT</string>
			</dict>
			<key>7F6C3ABAA06F5BB8B90F0B13</key>
			<dict>
				<key>fileRef</key>
				<string>915EA5A0767A96D728BE5C10</string>
				<key>isa</key>
				<string>PBXBuildFile</string>
			</dict>
			<key>915EA5A0767A96D728BE5C10</key>
			<dict>
				<key>explicitFileType</key>
				<string>sourcecode.cpp.objcpp</string>
				<key>fileEncoding</key>
				<string>4</string>
				<key>isa</key>
				<string>PBXFileReference</string>
				<key>name</key>
				<string>ofxiOSSoundStreamDelegate.mm</string>
				<key>path</key>
				<string>src/sound/ofxiOSSoundStreamDelegate.mm</string>
				<key>sourceTree</key>
				<string>SOURCE_ROOT</string>
			</dict>
			<key>9D4BF1A5283158FE0EA8B631</key>
			<dict>
				<key>explicitFileType</key>
				<string>sourcecode.c.h</string>
				<key>fileEncoding</key>
				<string>4</string>
				<key>isa</key>
				<string>PBXFileReference</string>
				<key>name</key>
				<string>ofxiOSSoundStreamDelegate.h</string>
				<key>path</key>
				<string>src/sound/ofxiOSSoundStreamDelegate.h</string>
				<key>sourceTree</key>
				<string>SOURCE_ROOT</string>
			</dict>
			<key>DDFEE4242E38C6352575D5E0</key>
			<dict>
				<key>fileRef</key>
				<string>4AF5A990263D4B0760FA17BC</string>
				<key>isa</key>
				<string>PBXBuildFile</string>
			</dict>
			<key>4AF5A990263D4B0760FA17BC</key>
			<dict>
				<key>explicitFileType</key>
				<string>sourcecode.cpp.objcpp</string>
				<key>fileEncoding</key>
				<string>4</string>
				<key>isa</key>
				<string>PBXFileReference</string>
				<key>name</key>
				<string>ofxiOSSoundStream.mm</string>
				<key>path</key>
				<string>src/sound/ofxiOSSoundStream.mm</string>
				<key>sourceTree</key>
				<string>SOURCE_ROOT</string>
			</dict>
			<key>EC5517BE8318788B39F4B07E</key>
			<dict>
				<key>explicitFileType</key>
				<string>sourcecode.c.h</string>
				<key>fileEncoding</key>
				<string>4</string>
				<key>isa</key>
				<string>PBXFileReference</string>
				<key>name</key>
				<string>ofxiOSSoundStream.h</string>
				<key>path</key>
				<string>src/sound/ofxiOSSoundStream.h</string>
				<key>sourceTree</key>
				<string>SOURCE_ROOT</string>
			</dict>
			<key>EC0DB3023CF461AB0D2906F6</key>
			<dict>
				<key>fileRef</key>
				<string>C78E404271D06EBDF9A5A83B</string>
				<key>isa</key>
				<string>PBXBuildFile</string>
			</dict>
			<key>C78E404271D06EBDF9A5A83B</key>
			<dict>
				<key>explicitFileType</key>
				<string>sourcecode.cpp.objcpp</string>
				<key>fileEncoding</key>
				<string>4</string>
				<key>isa</key>
				<string>PBXFileReference</string>
				<key>name</key>
				<string>ofxiOSSoundPlayer.mm</string>
				<key>path</key>
				<string>src/sound/ofxiOSSoundPlayer.mm</string>
				<key>sourceTree</key>
				<string>SOURCE_ROOT</string>
			</dict>
			<key>42CB1A03746CB5C9976EB2F7</key>
			<dict>
				<key>explicitFileType</key>
				<string>sourcecode.c.h</string>
				<key>fileEncoding</key>
				<string>4</string>
				<key>isa</key>
				<string>PBXFileReference</string>
				<key>name</key>
				<string>ofxiOSSoundPlayer.h</string>
				<key>path</key>
				<string>src/sound/ofxiOSSoundPlayer.h</string>
				<key>sourceTree</key>
				<string>SOURCE_ROOT</string>
			</dict>
			<key>4ADEEFEAD6CBC083F276E611</key>
			<dict>
				<key>explicitFileType</key>
				<string>sourcecode.c.h</string>
				<key>fileEncoding</key>
				<string>4</string>
				<key>isa</key>
				<string>PBXFileReference</string>
				<key>name</key>
				<string>ofxOpenALSoundPlayer.h</string>
				<key>path</key>
				<string>src/sound/ofxOpenALSoundPlayer.h</string>
				<key>sourceTree</key>
				<string>SOURCE_ROOT</string>
			</dict>
			<key>F6185A1AB5A10F419A21CB02</key>
			<dict>
				<key>fileRef</key>
				<string>56817D5EA969F9EC0F86275C</string>
				<key>isa</key>
				<string>PBXBuildFile</string>
			</dict>
			<key>56817D5EA969F9EC0F86275C</key>
			<dict>
				<key>explicitFileType</key>
				<string>sourcecode.cpp.cpp</string>
				<key>fileEncoding</key>
				<string>4</string>
				<key>isa</key>
				<string>PBXFileReference</string>
				<key>name</key>
				<string>ofxOpenALSoundPlayer.cpp</string>
				<key>path</key>
				<string>src/sound/ofxOpenALSoundPlayer.cpp</string>
				<key>sourceTree</key>
				<string>SOURCE_ROOT</string>
			</dict>
			<key>499D8D8CE4648B51E3CD1524</key>
			<dict>
				<key>fileRef</key>
				<string>4F37BC20B630ACA24CEC6CB1</string>
				<key>isa</key>
				<string>PBXBuildFile</string>
			</dict>
			<key>4F37BC20B630ACA24CEC6CB1</key>
			<dict>
				<key>explicitFileType</key>
				<string>sourcecode.cpp.objcpp</string>
				<key>fileEncoding</key>
				<string>4</string>
				<key>isa</key>
				<string>PBXFileReference</string>
				<key>name</key>
				<string>SoundStream.m</string>
				<key>path</key>
				<string>src/sound/SoundStream.m</string>
				<key>sourceTree</key>
				<string>SOURCE_ROOT</string>
			</dict>
			<key>301AF125149A8A2D9F26BD26</key>
			<dict>
				<key>explicitFileType</key>
				<string>sourcecode.c.h</string>
				<key>fileEncoding</key>
				<string>4</string>
				<key>isa</key>
				<string>PBXFileReference</string>
				<key>name</key>
				<string>SoundStream.h</string>
				<key>path</key>
				<string>src/sound/SoundStream.h</string>
				<key>sourceTree</key>
				<string>SOURCE_ROOT</string>
			</dict>
			<key>3729D09610D6490905BE6295</key>
			<dict>
				<key>fileRef</key>
				<string>4F0DCBF05DDE4B8AA575233F</string>
				<key>isa</key>
				<string>PBXBuildFile</string>
			</dict>
			<key>4F0DCBF05DDE4B8AA575233F</key>
			<dict>
				<key>explicitFileType</key>
				<string>sourcecode.cpp.objcpp</string>
				<key>fileEncoding</key>
				<string>4</string>
				<key>isa</key>
				<string>PBXFileReference</string>
				<key>name</key>
				<string>SoundOutputStream.m</string>
				<key>path</key>
				<string>src/sound/SoundOutputStream.m</string>
				<key>sourceTree</key>
				<string>SOURCE_ROOT</string>
			</dict>
			<key>A899CBF74DE9070ED790DDDE</key>
			<dict>
				<key>explicitFileType</key>
				<string>sourcecode.c.h</string>
				<key>fileEncoding</key>
				<string>4</string>
				<key>isa</key>
				<string>PBXFileReference</string>
				<key>name</key>
				<string>SoundOutputStream.h</string>
				<key>path</key>
				<string>src/sound/SoundOutputStream.h</string>
				<key>sourceTree</key>
				<string>SOURCE_ROOT</string>
			</dict>
			<key>F441EC004041AC496E238C1A</key>
			<dict>
				<key>fileRef</key>
				<string>33612D08713DB6753C4FDBE1</string>
				<key>isa</key>
				<string>PBXBuildFile</string>
			</dict>
			<key>33612D08713DB6753C4FDBE1</key>
			<dict>
				<key>explicitFileType</key>
				<string>sourcecode.cpp.objcpp</string>
				<key>fileEncoding</key>
				<string>4</string>
				<key>isa</key>
				<string>PBXFileReference</string>
				<key>name</key>
				<string>SoundInputStream.m</string>
				<key>path</key>
				<string>src/sound/SoundInputStream.m</string>
				<key>sourceTree</key>
				<string>SOURCE_ROOT</string>
			</dict>
			<key>4E2360F3CBAF4C02CB454A6C</key>
			<dict>
				<key>explicitFileType</key>
				<string>sourcecode.c.h</string>
				<key>fileEncoding</key>
				<string>4</string>
				<key>isa</key>
				<string>PBXFileReference</string>
				<key>name</key>
				<string>SoundInputStream.h</string>
				<key>path</key>
				<string>src/sound/SoundInputStream.h</string>
				<key>sourceTree</key>
				<string>SOURCE_ROOT</string>
			</dict>
			<key>49958DB5763AEA979600CEBB</key>
			<dict>
				<key>explicitFileType</key>
				<string>sourcecode.c.h</string>
				<key>fileEncoding</key>
				<string>4</string>
				<key>isa</key>
				<string>PBXFileReference</string>
				<key>name</key>
				<string>SoundEngine.h</string>
				<key>path</key>
				<string>src/sound/SoundEngine.h</string>
				<key>sourceTree</key>
				<string>SOURCE_ROOT</string>
			</dict>
			<key>C8BF1B955AEA03C4807C577C</key>
			<dict>
				<key>fileRef</key>
				<string>B5FDABC663EAA854E04DB2DD</string>
				<key>isa</key>
				<string>PBXBuildFile</string>
			</dict>
			<key>B5FDABC663EAA854E04DB2DD</key>
			<dict>
				<key>explicitFileType</key>
				<string>sourcecode.cpp.cpp</string>
				<key>fileEncoding</key>
				<string>4</string>
				<key>isa</key>
				<string>PBXFileReference</string>
				<key>name</key>
				<string>SoundEngine.cpp</string>
				<key>path</key>
				<string>src/sound/SoundEngine.cpp</string>
				<key>sourceTree</key>
				<string>SOURCE_ROOT</string>
			</dict>
			<key>9B2FCBCE38038D1634354FF5</key>
			<dict>
				<key>fileRef</key>
				<string>43C1BBD32B34414AD5F5EE89</string>
				<key>isa</key>
				<string>PBXBuildFile</string>
			</dict>
			<key>43C1BBD32B34414AD5F5EE89</key>
			<dict>
				<key>explicitFileType</key>
				<string>sourcecode.cpp.objcpp</string>
				<key>fileEncoding</key>
				<string>4</string>
				<key>isa</key>
				<string>PBXFileReference</string>
				<key>name</key>
				<string>AVSoundPlayer.m</string>
				<key>path</key>
				<string>src/sound/AVSoundPlayer.m</string>
				<key>sourceTree</key>
				<string>SOURCE_ROOT</string>
			</dict>
			<key>0CCB95280B6AAF82DD580396</key>
			<dict>
				<key>children</key>
				<array>
					<string>EF254956B7E24EFBFE6FAE37</string>
					<string>43C1BBD32B34414AD5F5EE89</string>
					<string>B5FDABC663EAA854E04DB2DD</string>
					<string>49958DB5763AEA979600CEBB</string>
					<string>4E2360F3CBAF4C02CB454A6C</string>
					<string>33612D08713DB6753C4FDBE1</string>
					<string>A899CBF74DE9070ED790DDDE</string>
					<string>4F0DCBF05DDE4B8AA575233F</string>
					<string>301AF125149A8A2D9F26BD26</string>
					<string>4F37BC20B630ACA24CEC6CB1</string>
					<string>56817D5EA969F9EC0F86275C</string>
					<string>4ADEEFEAD6CBC083F276E611</string>
					<string>42CB1A03746CB5C9976EB2F7</string>
					<string>C78E404271D06EBDF9A5A83B</string>
					<string>EC5517BE8318788B39F4B07E</string>
					<string>4AF5A990263D4B0760FA17BC</string>
					<string>9D4BF1A5283158FE0EA8B631</string>
					<string>915EA5A0767A96D728BE5C10</string>
				</array>
				<key>isa</key>
				<string>PBXGroup</string>
				<key>name</key>
				<string>sound</string>
				<key>sourceTree</key>
				<string>&lt;group&gt;</string>
			</dict>
			<key>EF254956B7E24EFBFE6FAE37</key>
			<dict>
				<key>explicitFileType</key>
				<string>sourcecode.c.h</string>
				<key>fileEncoding</key>
				<string>4</string>
				<key>isa</key>
				<string>PBXFileReference</string>
				<key>name</key>
				<string>AVSoundPlayer.h</string>
				<key>path</key>
				<string>src/sound/AVSoundPlayer.h</string>
				<key>sourceTree</key>
				<string>SOURCE_ROOT</string>
			</dict>
			<key>5CF35D60166F7DC5296F622E</key>
			<dict>
				<key>explicitFileType</key>
				<string>sourcecode.c.h</string>
				<key>fileEncoding</key>
				<string>4</string>
				<key>isa</key>
				<string>PBXFileReference</string>
				<key>name</key>
				<string>ofxtvOS.h</string>
				<key>path</key>
				<string>src/ofxtvOS.h</string>
				<key>sourceTree</key>
				<string>SOURCE_ROOT</string>
			</dict>
			<key>9975227C77E34F50CC580E96</key>
			<dict>
				<key>explicitFileType</key>
				<string>sourcecode.c.h</string>
				<key>fileEncoding</key>
				<string>4</string>
				<key>isa</key>
				<string>PBXFileReference</string>
				<key>name</key>
				<string>ofxiPhone.h</string>
				<key>path</key>
				<string>src/ofxiPhone.h</string>
				<key>sourceTree</key>
				<string>SOURCE_ROOT</string>
			</dict>
			<key>C11AE9319240299440BC6FEB</key>
			<dict>
				<key>explicitFileType</key>
				<string>sourcecode.c.h</string>
				<key>fileEncoding</key>
				<string>4</string>
				<key>isa</key>
				<string>PBXFileReference</string>
				<key>name</key>
				<string>ofxiOSExtensions.h</string>
				<key>path</key>
				<string>src/ofxiOSExtensions.h</string>
				<key>sourceTree</key>
				<string>SOURCE_ROOT</string>
			</dict>
			<key>B24C42FE409643ED08BD7A6D</key>
			<dict>
				<key>explicitFileType</key>
				<string>sourcecode.c.h</string>
				<key>fileEncoding</key>
				<string>4</string>
				<key>isa</key>
				<string>PBXFileReference</string>
				<key>name</key>
				<string>ofxiOSConstants.h</string>
				<key>path</key>
				<string>src/ofxiOSConstants.h</string>
				<key>sourceTree</key>
				<string>SOURCE_ROOT</string>
			</dict>
			<key>D9DFA65F7ECBA59FA94CC8FA</key>
			<dict>
				<key>explicitFileType</key>
				<string>sourcecode.c.h</string>
				<key>fileEncoding</key>
				<string>4</string>
				<key>isa</key>
				<string>PBXFileReference</string>
				<key>name</key>
				<string>ofxiOS.h</string>
				<key>path</key>
				<string>src/ofxiOS.h</string>
				<key>sourceTree</key>
				<string>SOURCE_ROOT</string>
			</dict>
			<key>C808FA2989674D38A459E754</key>
			<dict>
				<key>explicitFileType</key>
				<string>sourcecode.c.h</string>
				<key>fileEncoding</key>
				<string>4</string>
				<key>isa</key>
				<string>PBXFileReference</string>
				<key>name</key>
				<string>ESRenderer.h</string>
				<key>path</key>
				<string>src/gl/ESRenderer.h</string>
				<key>sourceTree</key>
				<string>SOURCE_ROOT</string>
			</dict>
			<key>960415C4CEA379C838A871EA</key>
			<dict>
				<key>fileRef</key>
				<string>6F080BC724484E4484F83299</string>
				<key>isa</key>
				<string>PBXBuildFile</string>
			</dict>
			<key>6F080BC724484E4484F83299</key>
			<dict>
				<key>explicitFileType</key>
				<string>sourcecode.cpp.objcpp</string>
				<key>fileEncoding</key>
				<string>4</string>
				<key>isa</key>
				<string>PBXFileReference</string>
				<key>name</key>
				<string>ES2Renderer.m</string>
				<key>path</key>
				<string>src/gl/ES2Renderer.m</string>
				<key>sourceTree</key>
				<string>SOURCE_ROOT</string>
			</dict>
			<key>A99C7F3005573ECFB031AB0B</key>
			<dict>
				<key>explicitFileType</key>
				<string>sourcecode.c.h</string>
				<key>fileEncoding</key>
				<string>4</string>
				<key>isa</key>
				<string>PBXFileReference</string>
				<key>name</key>
				<string>ES2Renderer.h</string>
				<key>path</key>
				<string>src/gl/ES2Renderer.h</string>
				<key>sourceTree</key>
				<string>SOURCE_ROOT</string>
			</dict>
			<key>B145335B5D4338E2C871C9F4</key>
			<dict>
				<key>fileRef</key>
				<string>31911C40A72B939D60552866</string>
				<key>isa</key>
				<string>PBXBuildFile</string>
			</dict>
			<key>31911C40A72B939D60552866</key>
			<dict>
				<key>explicitFileType</key>
				<string>sourcecode.cpp.objcpp</string>
				<key>fileEncoding</key>
				<string>4</string>
				<key>isa</key>
				<string>PBXFileReference</string>
				<key>name</key>
				<string>ES1Renderer.m</string>
				<key>path</key>
				<string>src/gl/ES1Renderer.m</string>
				<key>sourceTree</key>
				<string>SOURCE_ROOT</string>
			</dict>
			<key>A27BF86BA384AEAFF2CE57B1</key>
			<dict>
				<key>explicitFileType</key>
				<string>sourcecode.c.h</string>
				<key>fileEncoding</key>
				<string>4</string>
				<key>isa</key>
				<string>PBXFileReference</string>
				<key>name</key>
				<string>ES1Renderer.h</string>
				<key>path</key>
				<string>src/gl/ES1Renderer.h</string>
				<key>sourceTree</key>
				<string>SOURCE_ROOT</string>
			</dict>
			<key>0F66D0853D196C84864D766E</key>
			<dict>
				<key>fileRef</key>
				<string>1B0BBF82708236808BC30100</string>
				<key>isa</key>
				<string>PBXBuildFile</string>
			</dict>
			<key>1B0BBF82708236808BC30100</key>
			<dict>
				<key>explicitFileType</key>
				<string>sourcecode.cpp.objcpp</string>
				<key>fileEncoding</key>
				<string>4</string>
				<key>isa</key>
				<string>PBXFileReference</string>
				<key>name</key>
				<string>EAGLView.m</string>
				<key>path</key>
				<string>src/gl/EAGLView.m</string>
				<key>sourceTree</key>
				<string>SOURCE_ROOT</string>
			</dict>
			<key>7FD93944F0BD5425F0EA95D5</key>
			<dict>
				<key>children</key>
				<array>
					<string>E2C896AD2F28F56572200E8E</string>
					<string>1B0BBF82708236808BC30100</string>
					<string>A27BF86BA384AEAFF2CE57B1</string>
					<string>31911C40A72B939D60552866</string>
					<string>A99C7F3005573ECFB031AB0B</string>
					<string>6F080BC724484E4484F83299</string>
					<string>C808FA2989674D38A459E754</string>
				</array>
				<key>isa</key>
				<string>PBXGroup</string>
				<key>name</key>
				<string>gl</string>
				<key>sourceTree</key>
				<string>&lt;group&gt;</string>
			</dict>
			<key>E2C896AD2F28F56572200E8E</key>
			<dict>
				<key>explicitFileType</key>
				<string>sourcecode.c.h</string>
				<key>fileEncoding</key>
				<string>4</string>
				<key>isa</key>
				<string>PBXFileReference</string>
				<key>name</key>
				<string>EAGLView.h</string>
				<key>path</key>
				<string>src/gl/EAGLView.h</string>
				<key>sourceTree</key>
				<string>SOURCE_ROOT</string>
			</dict>
			<key>1AA8CDECA0C97DED021FC6AB</key>
			<dict>
				<key>explicitFileType</key>
				<string>sourcecode.c.h</string>
				<key>fileEncoding</key>
				<string>4</string>
				<key>isa</key>
				<string>PBXFileReference</string>
				<key>name</key>
				<string>ofxiOSAlertsListener.h</string>
				<key>path</key>
				<string>src/events/ofxiOSAlertsListener.h</string>
				<key>sourceTree</key>
				<string>SOURCE_ROOT</string>
			</dict>
			<key>E32DFBDB7888252CE0C6800E</key>
			<dict>
				<key>fileRef</key>
				<string>F6D1105B4B371E4B4BFC3ABC</string>
				<key>isa</key>
				<string>PBXBuildFile</string>
			</dict>
			<key>F6D1105B4B371E4B4BFC3ABC</key>
			<dict>
				<key>explicitFileType</key>
				<string>sourcecode.cpp.objcpp</string>
				<key>fileEncoding</key>
				<string>4</string>
				<key>isa</key>
				<string>PBXFileReference</string>
				<key>name</key>
				<string>ofxiOSAlerts.mm</string>
				<key>path</key>
				<string>src/events/ofxiOSAlerts.mm</string>
				<key>sourceTree</key>
				<string>SOURCE_ROOT</string>
			</dict>
			<key>713E4B44CB9A2F814E951567</key>
			<dict>
				<key>explicitFileType</key>
				<string>sourcecode.c.h</string>
				<key>fileEncoding</key>
				<string>4</string>
				<key>isa</key>
				<string>PBXFileReference</string>
				<key>name</key>
				<string>ofxiOSAlerts.h</string>
				<key>path</key>
				<string>src/events/ofxiOSAlerts.h</string>
				<key>sourceTree</key>
				<string>SOURCE_ROOT</string>
			</dict>
			<key>61A76FEA2CAEA145E1D7BCAA</key>
			<dict>
				<key>children</key>
				<array>
					<string>28A50FC4DAE9D612143C4B25</string>
					<string>713E4B44CB9A2F814E951567</string>
					<string>F6D1105B4B371E4B4BFC3ABC</string>
					<string>1AA8CDECA0C97DED021FC6AB</string>
				</array>
				<key>isa</key>
				<string>PBXGroup</string>
				<key>name</key>
				<string>events</string>
				<key>sourceTree</key>
				<string>&lt;group&gt;</string>
			</dict>
			<key>A3961493EEA69A6E00F51269</key>
			<dict>
				<key>fileRef</key>
				<string>28A50FC4DAE9D612143C4B25</string>
				<key>isa</key>
				<string>PBXBuildFile</string>
			</dict>
			<key>28A50FC4DAE9D612143C4B25</key>
			<dict>
				<key>explicitFileType</key>
				<string>sourcecode.cpp.objcpp</string>
				<key>fileEncoding</key>
				<string>4</string>
				<key>isa</key>
				<string>PBXFileReference</string>
				<key>name</key>
				<string>ofxiOSAccelerometer.mm</string>
				<key>path</key>
				<string>src/events/ofxiOSAccelerometer.mm</string>
				<key>sourceTree</key>
				<string>SOURCE_ROOT</string>
			</dict>
			<key>F60A3D6DD30BF49914C04B2B</key>
			<dict>
				<key>fileRef</key>
				<string>866AC7BC40D7A1314BEDF73C</string>
				<key>isa</key>
				<string>PBXBuildFile</string>
			</dict>
			<key>866AC7BC40D7A1314BEDF73C</key>
			<dict>
				<key>explicitFileType</key>
				<string>sourcecode.cpp.objcpp</string>
				<key>fileEncoding</key>
				<string>4</string>
				<key>isa</key>
				<string>PBXFileReference</string>
				<key>name</key>
				<string>ofxiOSViewController.mm</string>
				<key>path</key>
				<string>src/core/ofxiOSViewController.mm</string>
				<key>sourceTree</key>
				<string>SOURCE_ROOT</string>
			</dict>
			<key>8564854AA16C17F1E80B89D2</key>
			<dict>
				<key>explicitFileType</key>
				<string>sourcecode.c.h</string>
				<key>fileEncoding</key>
				<string>4</string>
				<key>isa</key>
				<string>PBXFileReference</string>
				<key>name</key>
				<string>ofxiOSViewController.h</string>
				<key>path</key>
				<string>src/core/ofxiOSViewController.h</string>
				<key>sourceTree</key>
				<string>SOURCE_ROOT</string>
			</dict>
			<key>1D8B2B778956AF9DAA62A7F7</key>
			<dict>
				<key>fileRef</key>
				<string>3FDF950F201B3E0FFDE8BDDF</string>
				<key>isa</key>
				<string>PBXBuildFile</string>
			</dict>
			<key>3FDF950F201B3E0FFDE8BDDF</key>
			<dict>
				<key>explicitFileType</key>
				<string>sourcecode.cpp.objcpp</string>
				<key>fileEncoding</key>
				<string>4</string>
				<key>isa</key>
				<string>PBXFileReference</string>
				<key>name</key>
				<string>ofxiOSEAGLView.mm</string>
				<key>path</key>
				<string>src/core/ofxiOSEAGLView.mm</string>
				<key>sourceTree</key>
				<string>SOURCE_ROOT</string>
			</dict>
			<key>5420F8912A05732427EB3E30</key>
			<dict>
				<key>explicitFileType</key>
				<string>sourcecode.c.h</string>
				<key>fileEncoding</key>
				<string>4</string>
				<key>isa</key>
				<string>PBXFileReference</string>
				<key>name</key>
				<string>ofxiOSEAGLView.h</string>
				<key>path</key>
				<string>src/core/ofxiOSEAGLView.h</string>
				<key>sourceTree</key>
				<string>SOURCE_ROOT</string>
			</dict>
			<key>3797545317C103C798DC4B70</key>
			<dict>
				<key>fileRef</key>
				<string>F5AD3D86F509CD5B0C4795B0</string>
				<key>isa</key>
				<string>PBXBuildFile</string>
			</dict>
			<key>F5AD3D86F509CD5B0C4795B0</key>
			<dict>
				<key>explicitFileType</key>
				<string>sourcecode.cpp.objcpp</string>
				<key>fileEncoding</key>
				<string>4</string>
				<key>isa</key>
				<string>PBXFileReference</string>
				<key>name</key>
				<string>ofxiOSAppDelegate.mm</string>
				<key>path</key>
				<string>src/core/ofxiOSAppDelegate.mm</string>
				<key>sourceTree</key>
				<string>SOURCE_ROOT</string>
			</dict>
			<key>BC405D98CD8417CE9E222B0C</key>
			<dict>
				<key>children</key>
				<array>
					<string>AC56035A0D3F88EADAA8AEDC</string>
					<string>F5AD3D86F509CD5B0C4795B0</string>
					<string>5420F8912A05732427EB3E30</string>
					<string>3FDF950F201B3E0FFDE8BDDF</string>
					<string>8564854AA16C17F1E80B89D2</string>
					<string>866AC7BC40D7A1314BEDF73C</string>
				</array>
				<key>isa</key>
				<string>PBXGroup</string>
				<key>name</key>
				<string>core</string>
				<key>sourceTree</key>
				<string>&lt;group&gt;</string>
			</dict>
			<key>AC56035A0D3F88EADAA8AEDC</key>
			<dict>
				<key>explicitFileType</key>
				<string>sourcecode.c.h</string>
				<key>fileEncoding</key>
				<string>4</string>
				<key>isa</key>
				<string>PBXFileReference</string>
				<key>name</key>
				<string>ofxiOSAppDelegate.h</string>
				<key>path</key>
				<string>src/core/ofxiOSAppDelegate.h</string>
				<key>sourceTree</key>
				<string>SOURCE_ROOT</string>
			</dict>
			<key>2D3B66E03087B3F13CDDEC55</key>
			<dict>
				<key>explicitFileType</key>
				<string>sourcecode.c.h</string>
				<key>fileEncoding</key>
				<string>4</string>
				<key>isa</key>
				<string>PBXFileReference</string>
				<key>name</key>
				<string>ofxiOSApp.h</string>
				<key>path</key>
				<string>src/app/ofxiOSApp.h</string>
				<key>sourceTree</key>
				<string>SOURCE_ROOT</string>
			</dict>
			<key>2091DA5BD48B17984887768D</key>
			<dict>
				<key>fileRef</key>
				<string>B366029DB5097AEE0ABFA9F6</string>
				<key>isa</key>
				<string>PBXBuildFile</string>
			</dict>
			<key>B366029DB5097AEE0ABFA9F6</key>
			<dict>
				<key>explicitFileType</key>
				<string>sourcecode.cpp.objcpp</string>
				<key>fileEncoding</key>
				<string>4</string>
				<key>isa</key>
				<string>PBXFileReference</string>
				<key>name</key>
				<string>ofAppiOSWindow.mm</string>
				<key>path</key>
				<string>src/app/ofAppiOSWindow.mm</string>
				<key>sourceTree</key>
				<string>SOURCE_ROOT</string>
			</dict>
			<key>BE9DD360F550B0DF4D357E7B</key>
			<dict>
				<key>children</key>
				<array>
					<string>76889E1065B21620839FFD90</string>
					<string>B366029DB5097AEE0ABFA9F6</string>
					<string>2D3B66E03087B3F13CDDEC55</string>
				</array>
				<key>isa</key>
				<string>PBXGroup</string>
				<key>name</key>
				<string>app</string>
				<key>sourceTree</key>
				<string>&lt;group&gt;</string>
			</dict>
			<key>76889E1065B21620839FFD90</key>
			<dict>
				<key>explicitFileType</key>
				<string>sourcecode.c.h</string>
				<key>fileEncoding</key>
				<string>4</string>
				<key>isa</key>
				<string>PBXFileReference</string>
				<key>name</key>
				<string>ofAppiOSWindow.h</string>
				<key>path</key>
				<string>src/app/ofAppiOSWindow.h</string>
				<key>sourceTree</key>
				<string>SOURCE_ROOT</string>
			</dict>
			<key>6948EE371B920CB800B5AC1A</key>
			<dict>
				<key>children</key>
				<array />
				<key>isa</key>
				<string>PBXGroup</string>
				<key>name</key>
				<string>local_addons</string>
				<key>sourceTree</key>
				<string>&lt;group&gt;</string>
			</dict>
			<key>8466F1851C04CA0E00918B1C</key>
			<dict>
				<key>buildActionMask</key>
				<string>12</string>
				<key>files</key>
				<array />
				<key>inputPaths</key>
				<array />
				<key>isa</key>
				<string>PBXShellScriptBuildPhase</string>
				<key>outputPaths</key>
				<array />
				<key>runOnlyForDeploymentPostprocessing</key>
				<string>0</string>
				<key>shellPath</key>
				<string>/bin/sh</string>
				<key>shellScript</key>
				<string>echo "$GCC_PREPROCESSOR_DEFINITIONS";
APPSTORE=`expr "$GCC_PREPROCESSOR_DEFINITIONS" : ".*APPSTORE=\([0-9]*\)"`
if [ -z "$APPSTORE" ] ; then
echo "Note: Not copying bin/data to App Package or doing App Code signing. Use AppStore target for AppStore distribution";
else
# Copy bin/data into App/Resources
rsync -avz --exclude='.DS_Store' "${SRCROOT}/bin/data/" "${TARGET_BUILD_DIR}/${UNLOCALIZED_RESOURCES_FOLDER_PATH}/data/"

# ---- Code Sign App Package ----

# WARNING: You may have to run Clean in Xcode after changing CODE_SIGN_IDENTITY!

# Verify that $CODE_SIGN_IDENTITY is set
if [ -z "${CODE_SIGN_IDENTITY}" ] ; then
echo "CODE_SIGN_IDENTITY needs to be set for framework code-signing"
exit 0
fi

if [ -z "${CODE_SIGN_ENTITLEMENTS}" ] ; then
echo "CODE_SIGN_ENTITLEMENTS needs to be set for framework code-signing!"

if [ "${CONFIGURATION}" = "Release" ] ; then
exit 1
else
# Code-signing is optional for non-release builds.
exit 0
fi
fi

ITEMS=""

FRAMEWORKS_DIR="${TARGET_BUILD_DIR}/${FRAMEWORKS_FOLDER_PATH}"
echo "$FRAMEWORKS_DIR"
if [ -d "$FRAMEWORKS_DIR" ] ; then
FRAMEWORKS=$(find "${FRAMEWORKS_DIR}" -depth -type d -name "*.framework" -or -name "*.dylib" -or -name "*.bundle" | sed -e "s/\(.*framework\)/\1\/Versions\/A\//")
RESULT=$?
if [[ $RESULT != 0 ]] ; then
exit 1
fi

ITEMS="${FRAMEWORKS}"
fi

LOGINITEMS_DIR="${TARGET_BUILD_DIR}/${CONTENTS_FOLDER_PATH}/Library/LoginItems/"
if [ -d "$LOGINITEMS_DIR" ] ; then
LOGINITEMS=$(find "${LOGINITEMS_DIR}" -depth -type d -name "*.app")
RESULT=$?
if [[ $RESULT != 0 ]] ; then
exit 1
fi

ITEMS="${ITEMS}"$'\n'"${LOGINITEMS}"
fi

# Prefer the expanded name, if available.
CODE_SIGN_IDENTITY_FOR_ITEMS="${EXPANDED_CODE_SIGN_IDENTITY_NAME}"
if [ "${CODE_SIGN_IDENTITY_FOR_ITEMS}" = "" ] ; then
# Fall back to old behavior.
CODE_SIGN_IDENTITY_FOR_ITEMS="${CODE_SIGN_IDENTITY}"
fi

echo "Identity:"
echo "${CODE_SIGN_IDENTITY_FOR_ITEMS}"

echo "Entitlements:"
echo "${CODE_SIGN_ENTITLEMENTS}"

echo "Found:"
echo "${ITEMS}"

# Change the Internal Field Separator (IFS) so that spaces in paths will not cause problems below.
SAVED_IFS=$IFS
IFS=$(echo -en "\n\b")

# Loop through all items.
for ITEM in $ITEMS;
do
echo "Signing '${ITEM}'"
codesign --force --verbose --sign "${CODE_SIGN_IDENTITY_FOR_ITEMS}" --entitlements "${CODE_SIGN_ENTITLEMENTS}" "${ITEM}"
RESULT=$?
if [[ $RESULT != 0 ]] ; then
echo "Failed to sign '${ITEM}'."
IFS=$SAVED_IFS
exit 1
fi
done

# Restore $IFS.
IFS=$SAVED_IFS

fi
</string>
			</dict>
			<key>99FA3DBB1C7456C400CFA0EE</key>
			<dict>
				<key>baseConfigurationReference</key>
				<string>E4EB6923138AFD0F00A09F29</string>
				<key>buildSettings</key>
				<dict>
					<key>HEADER_SEARCH_PATHS</key>
					<array>
						<string>$(OF_CORE_HEADERS)</string>
						<string>src</string>
						<string>src/app</string>
						<string>src/core</string>
						<string>src/events</string>
						<string>src/gl</string>
						<string>src/sound</string>
						<string>src/tvOS</string>
						<string>src/utils</string>
						<string>src/video</string>
					</array>
					<key>CONFIGURATION_BUILD_DIR</key>
					<string>$(SRCROOT)/bin/</string>
					<key>COPY_PHASE_STRIP</key>
					<string>YES</string>
					<key>DEAD_CODE_STRIPPING</key>
					<string>YES</string>
					<key>GCC_AUTO_VECTORIZATION</key>
					<string>YES</string>
					<key>GCC_ENABLE_SSE3_EXTENSIONS</key>
					<string>YES</string>
					<key>GCC_ENABLE_SUPPLEMENTAL_SSE3_INSTRUCTIONS</key>
					<string>YES</string>
					<key>GCC_INLINES_ARE_PRIVATE_EXTERN</key>
					<string>NO</string>
					<key>GCC_OPTIMIZATION_LEVEL</key>
					<string>3</string>
					<key>GCC_PREPROCESSOR_DEFINITIONS[arch=*]</key>
					<string>DISTRIBUTION=1</string>
					<key>GCC_SYMBOLS_PRIVATE_EXTERN</key>
					<string>NO</string>
					<key>GCC_UNROLL_LOOPS</key>
					<string>YES</string>
					<key>GCC_WARN_ABOUT_DEPRECATED_FUNCTIONS</key>
					<string>YES</string>
					<key>GCC_WARN_ABOUT_INVALID_OFFSETOF_MACRO</key>
					<string>NO</string>
					<key>GCC_WARN_ALLOW_INCOMPLETE_PROTOCOL</key>
					<string>NO</string>
					<key>GCC_WARN_UNINITIALIZED_AUTOS</key>
					<string>NO</string>
					<key>GCC_WARN_UNUSED_VALUE</key>
					<string>NO</string>
					<key>GCC_WARN_UNUSED_VARIABLE</key>
					<string>NO</string>
					<key>MACOSX_DEPLOYMENT_TARGET</key>
					<string>10.9</string>
					<key>OTHER_CPLUSPLUSFLAGS</key>
					<array>
						<string>-D__MACOSX_CORE__</string>
						<string>-mtune=native</string>
					</array>
					<key>SDKROOT</key>
					<string>macosx</string>
				</dict>
				<key>isa</key>
				<string>XCBuildConfiguration</string>
				<key>name</key>
				<string>AppStore</string>
			</dict>
			<key>99FA3DBC1C7456C400CFA0EE</key>
			<dict>
				<key>baseConfigurationReference</key>
				<string>E4EB6923138AFD0F00A09F29</string>
				<key>buildSettings</key>
				<dict>
					<key>HEADER_SEARCH_PATHS</key>
					<array>
						<string>$(OF_CORE_HEADERS)</string>
						<string>src</string>
						<string>src/app</string>
						<string>src/core</string>
						<string>src/events</string>
						<string>src/gl</string>
						<string>src/sound</string>
						<string>src/tvOS</string>
						<string>src/utils</string>
						<string>src/video</string>
					</array>
					<key>COMBINE_HIDPI_IMAGES</key>
					<string>YES</string>
					<key>COPY_PHASE_STRIP</key>
					<string>YES</string>
					<key>FRAMEWORK_SEARCH_PATHS</key>
					<string>$(inherited)</string>
					<key>GCC_GENERATE_DEBUGGING_SYMBOLS</key>
					<string>YES</string>
					<key>GCC_MODEL_TUNING</key>
					<string>NONE</string>
					<key>GCC_PREPROCESSOR_DEFINITIONS[arch=*]</key>
					<string>APPSTORE=1</string>
					<key>ICON</key>
					<string>$(ICON_NAME_RELEASE)</string>
					<key>ICON_FILE</key>
					<string>$(ICON_FILE_PATH)$(ICON)</string>
					<key>INFOPLIST_FILE</key>
					<string>openFrameworks-Info.plist</string>
					<key>INSTALL_PATH</key>
					<string>/Applications</string>
					<key>LIBRARY_SEARCH_PATHS</key>
					<string>$(inherited)</string>
					<key>PRODUCT_NAME</key>
					<string>$(TARGET_NAME)</string>
					<key>WRAPPER_EXTENSION</key>
					<string>app</string>
					<key>baseConfigurationReference</key>
					<string>E4EB6923138AFD0F00A09F29</string>
				</dict>
				<key>isa</key>
				<string>XCBuildConfiguration</string>
				<key>name</key>
				<string>AppStore</string>
			</dict>
			<key>BB4B014C10F69532006C3DED</key>
			<dict>
				<key>children</key>
				<array />
				<key>isa</key>
				<string>PBXGroup</string>
				<key>name</key>
				<string>addons</string>
				<key>sourceTree</key>
				<string>&lt;group&gt;</string>
			</dict>
			<key>E4328143138ABC890047C5CB</key>
			<dict>
				<key>isa</key>
				<string>PBXFileReference</string>
				<key>lastKnownFileType</key>
				<string>wrapper.pb-project</string>
				<key>name</key>
				<string>openFrameworksLib.xcodeproj</string>
				<key>path</key>
				<string>../../libs/openFrameworksCompiled/project/osx/openFrameworksLib.xcodeproj</string>
				<key>sourceTree</key>
				<string>SOURCE_ROOT</string>
			</dict>
			<key>E4328144138ABC890047C5CB</key>
			<dict>
				<key>children</key>
				<array>
					<string>E4328148138ABC890047C5CB</string>
				</array>
				<key>isa</key>
				<string>PBXGroup</string>
				<key>name</key>
				<string>Products</string>
				<key>sourceTree</key>
				<string>&lt;group&gt;</string>
			</dict>
			<key>E4328147138ABC890047C5CB</key>
			<dict>
				<key>containerPortal</key>
				<string>E4328143138ABC890047C5CB</string>
				<key>isa</key>
				<string>PBXContainerItemProxy</string>
				<key>proxyType</key>
				<string>2</string>
				<key>remoteGlobalIDString</key>
				<string>E4B27C1510CBEB8E00536013</string>
				<key>remoteInfo</key>
				<string>openFrameworks</string>
			</dict>
			<key>E4328148138ABC890047C5CB</key>
			<dict>
				<key>fileType</key>
				<string>archive.ar</string>
				<key>isa</key>
				<string>PBXReferenceProxy</string>
				<key>path</key>
				<string>openFrameworksDebug.a</string>
				<key>remoteRef</key>
				<string>E4328147138ABC890047C5CB</string>
				<key>sourceTree</key>
				<string>BUILT_PRODUCTS_DIR</string>
			</dict>
			<key>E4328149138ABC9F0047C5CB</key>
			<dict>
				<key>fileRef</key>
				<string>E4328148138ABC890047C5CB</string>
				<key>isa</key>
				<string>PBXBuildFile</string>
			</dict>
			<key>E4B69B4A0A3A1720003C02F2</key>
			<dict>
				<key>children</key>
				<array>
					<string>E4B6FCAD0C3E899E008CF71C</string>
					<string>E4EB6923138AFD0F00A09F29</string>
					<string>E4B69E1C0A3A1BDC003C02F2</string>
					<string>E4EEC9E9138DF44700A80321</string>
					<string>BB4B014C10F69532006C3DED</string>
					<string>6948EE371B920CB800B5AC1A</string>
					<string>E4B69B5B0A3A1756003C02F2</string>
				</array>
				<key>isa</key>
				<string>PBXGroup</string>
				<key>sourceTree</key>
				<string>&lt;group&gt;</string>
			</dict>
			<key>E4B69B4C0A3A1720003C02F2</key>
			<dict>
				<key>attributes</key>
				<dict>
					<key>LastUpgradeCheck</key>
					<string>0600</string>
				</dict>
				<key>buildConfigurationList</key>
				<string>E4B69B4D0A3A1720003C02F2</string>
				<key>compatibilityVersion</key>
				<string>Xcode 3.2</string>
				<key>developmentRegion</key>
				<string>English</string>
				<key>hasScannedForEncodings</key>
				<string>0</string>
				<key>isa</key>
				<string>PBXProject</string>
				<key>knownRegions</key>
				<array>
					<string>English</string>
					<string>Japanese</string>
					<string>French</string>
					<string>German</string>
				</array>
				<key>mainGroup</key>
				<string>E4B69B4A0A3A1720003C02F2</string>
				<key>productRefGroup</key>
				<string>E4B69B4A0A3A1720003C02F2</string>
				<key>projectDirPath</key>
				<string />
				<key>projectReferences</key>
				<array>
					<dict>
						<key>ProductGroup</key>
						<string>E4328144138ABC890047C5CB</string>
						<key>ProjectRef</key>
						<string>E4328143138ABC890047C5CB</string>
					</dict>
				</array>
				<key>projectRoot</key>
				<string />
				<key>targets</key>
				<array>
					<string>E4B69B5A0A3A1756003C02F2</string>
				</array>
			</dict>
			<key>E4B69B4D0A3A1720003C02F2</key>
			<dict>
				<key>buildConfigurations</key>
				<array>
					<string>E4B69B4E0A3A1720003C02F2</string>
					<string>E4B69B4F0A3A1720003C02F2</string>
					<string>99FA3DBB1C7456C400CFA0EE</string>
				</array>
				<key>defaultConfigurationIsVisible</key>
				<string>0</string>
				<key>defaultConfigurationName</key>
				<string>Release</string>
				<key>isa</key>
				<string>XCConfigurationList</string>
			</dict>
			<key>E4B69B4E0A3A1720003C02F2</key>
			<dict>
				<key>baseConfigurationReference</key>
				<string>E4EB6923138AFD0F00A09F29</string>
				<key>buildSettings</key>
				<dict>
					<key>HEADER_SEARCH_PATHS</key>
					<array>
						<string>$(OF_CORE_HEADERS)</string>
						<string>src</string>
						<string>src/app</string>
						<string>src/core</string>
						<string>src/events</string>
						<string>src/gl</string>
						<string>src/sound</string>
						<string>src/tvOS</string>
						<string>src/utils</string>
						<string>src/video</string>
					</array>
					<key>CONFIGURATION_BUILD_DIR</key>
					<string>$(SRCROOT)/bin/</string>
					<key>COPY_PHASE_STRIP</key>
					<string>NO</string>
					<key>DEAD_CODE_STRIPPING</key>
					<string>YES</string>
					<key>GCC_AUTO_VECTORIZATION</key>
					<string>YES</string>
					<key>GCC_ENABLE_SSE3_EXTENSIONS</key>
					<string>YES</string>
					<key>GCC_ENABLE_SUPPLEMENTAL_SSE3_INSTRUCTIONS</key>
					<string>YES</string>
					<key>GCC_INLINES_ARE_PRIVATE_EXTERN</key>
					<string>NO</string>
					<key>GCC_OPTIMIZATION_LEVEL</key>
					<string>0</string>
					<key>GCC_SYMBOLS_PRIVATE_EXTERN</key>
					<string>NO</string>
					<key>GCC_WARN_ABOUT_DEPRECATED_FUNCTIONS</key>
					<string>YES</string>
					<key>GCC_WARN_ABOUT_INVALID_OFFSETOF_MACRO</key>
					<string>NO</string>
					<key>GCC_WARN_ALLOW_INCOMPLETE_PROTOCOL</key>
					<string>NO</string>
					<key>GCC_WARN_UNINITIALIZED_AUTOS</key>
					<string>NO</string>
					<key>GCC_WARN_UNUSED_VALUE</key>
					<string>NO</string>
					<key>GCC_WARN_UNUSED_VARIABLE</key>
					<string>NO</string>
					<key>MACOSX_DEPLOYMENT_TARGET</key>
					<string>10.9</string>
					<key>ONLY_ACTIVE_ARCH</key>
					<string>YES</string>
					<key>OTHER_CPLUSPLUSFLAGS</key>
					<array>
						<string>-D__MACOSX_CORE__</string>
						<string>-mtune=native</string>
					</array>
					<key>SDKROOT</key>
					<string>macosx</string>
				</dict>
				<key>isa</key>
				<string>XCBuildConfiguration</string>
				<key>name</key>
				<string>Debug</string>
			</dict>
			<key>E4B69B4F0A3A1720003C02F2</key>
			<dict>
				<key>baseConfigurationReference</key>
				<string>E4EB6923138AFD0F00A09F29</string>
				<key>buildSettings</key>
				<dict>
					<key>HEADER_SEARCH_PATHS</key>
					<array>
						<string>$(OF_CORE_HEADERS)</string>
						<string>src</string>
						<string>src/app</string>
						<string>src/core</string>
						<string>src/events</string>
						<string>src/gl</string>
						<string>src/sound</string>
						<string>src/tvOS</string>
						<string>src/utils</string>
						<string>src/video</string>
					</array>
					<key>CONFIGURATION_BUILD_DIR</key>
					<string>$(SRCROOT)/bin/</string>
					<key>COPY_PHASE_STRIP</key>
					<string>YES</string>
					<key>DEAD_CODE_STRIPPING</key>
					<string>YES</string>
					<key>GCC_AUTO_VECTORIZATION</key>
					<string>YES</string>
					<key>GCC_ENABLE_SSE3_EXTENSIONS</key>
					<string>YES</string>
					<key>GCC_ENABLE_SUPPLEMENTAL_SSE3_INSTRUCTIONS</key>
					<string>YES</string>
					<key>GCC_INLINES_ARE_PRIVATE_EXTERN</key>
					<string>NO</string>
					<key>GCC_OPTIMIZATION_LEVEL</key>
					<string>3</string>
					<key>GCC_SYMBOLS_PRIVATE_EXTERN</key>
					<string>NO</string>
					<key>GCC_UNROLL_LOOPS</key>
					<string>YES</string>
					<key>GCC_WARN_ABOUT_DEPRECATED_FUNCTIONS</key>
					<string>YES</string>
					<key>GCC_WARN_ABOUT_INVALID_OFFSETOF_MACRO</key>
					<string>NO</string>
					<key>GCC_WARN_ALLOW_INCOMPLETE_PROTOCOL</key>
					<string>NO</string>
					<key>GCC_WARN_UNINITIALIZED_AUTOS</key>
					<string>NO</string>
					<key>GCC_WARN_UNUSED_VALUE</key>
					<string>NO</string>
					<key>GCC_WARN_UNUSED_VARIABLE</key>
					<string>NO</string>
					<key>MACOSX_DEPLOYMENT_TARGET</key>
					<string>10.9</string>
					<key>OTHER_CPLUSPLUSFLAGS</key>
					<array>
						<string>-D__MACOSX_CORE__</string>
						<string>-mtune=native</string>
					</array>
					<key>SDKROOT</key>
					<string>macosx</string>
				</dict>
				<key>isa</key>
				<string>XCBuildConfiguration</string>
				<key>name</key>
				<string>Release</string>
			</dict>
			<key>E4B69B580A3A1756003C02F2</key>
			<dict>
				<key>buildActionMask</key>
				<string>2147483647</string>
				<key>files</key>
				<array>
					<string>E4B69E200A3A1BDC003C02F2</string>
					<string>E4B69E210A3A1BDC003C02F2</string>
					<string>2091DA5BD48B17984887768D</string>
					<string>3797545317C103C798DC4B70</string>
					<string>1D8B2B778956AF9DAA62A7F7</string>
					<string>F60A3D6DD30BF49914C04B2B</string>
					<string>A3961493EEA69A6E00F51269</string>
					<string>E32DFBDB7888252CE0C6800E</string>
					<string>0F66D0853D196C84864D766E</string>
					<string>B145335B5D4338E2C871C9F4</string>
					<string>960415C4CEA379C838A871EA</string>
					<string>9B2FCBCE38038D1634354FF5</string>
					<string>C8BF1B955AEA03C4807C577C</string>
					<string>F441EC004041AC496E238C1A</string>
					<string>3729D09610D6490905BE6295</string>
					<string>499D8D8CE4648B51E3CD1524</string>
					<string>F6185A1AB5A10F419A21CB02</string>
					<string>EC0DB3023CF461AB0D2906F6</string>
					<string>DDFEE4242E38C6352575D5E0</string>
					<string>7F6C3ABAA06F5BB8B90F0B13</string>
					<string>AF240D121E5FE16D0E66DF6C</string>
					<string>A1CB5400B033F09A5AC7E20C</string>
					<string>FCDC2487C6C7CB5D3818B91C</string>
					<string>EBCADF5696E043A94DE2970E</string>
					<string>99869694BC48905022907B85</string>
					<string>71EAACB200B60646F3072F65</string>
					<string>81B3A7C5F2D87F37B20A55D9</string>
					<string>D75CB1A249642BF51A3CE720</string>
					<string>6750ADBE702799BC479554D4</string>
					<string>8291CC420747D977F2FD0F30</string>
					<string>724DC5939B5BBBEC36EAC679</string>
					<string>D678191CA47EC78CDB7CEA64</string>
					<string>AFA06E6B44517443436904F3</string>
					<string>8AB96C0167EA87CDF581EC50</string>
					<string>6EA145EEF6FAD99EF7EF127A</string>
				</array>
				<key>isa</key>
				<string>PBXSourcesBuildPhase</string>
				<key>runOnlyForDeploymentPostprocessing</key>
				<string>0</string>
			</dict>
			<key>E4B69B590A3A1756003C02F2</key>
			<dict>
				<key>buildActionMask</key>
				<string>2147483647</string>
				<key>files</key>
				<array>
					<string>E4328149138ABC9F0047C5CB</string>
				</array>
				<key>isa</key>
				<string>PBXFrameworksBuildPhase</string>
				<key>runOnlyForDeploymentPostprocessing</key>
				<string>0</string>
			</dict>
			<key>E4B69B5A0A3A1756003C02F2</key>
			<dict>
				<key>buildConfigurationList</key>
				<string>E4B69B5F0A3A1757003C02F2</string>
				<key>buildPhases</key>
				<array>
					<string>E4B69B580A3A1756003C02F2</string>
					<string>E4B69B590A3A1756003C02F2</string>
					<string>E4B6FFFD0C3F9AB9008CF71C</string>
					<string>E4C2427710CC5ABF004149E2</string>
					<string>8466F1851C04CA0E00918B1C</string>
				</array>
				<key>buildRules</key>
				<array />
				<key>dependencies</key>
				<array>
					<string>E4EEB9AC138B136A00A80321</string>
				</array>
				<key>isa</key>
				<string>PBXNativeTarget</string>
				<key>name</key>
				<string>ofxiOS</string>
				<key>productName</key>
				<string>myOFApp</string>
				<key>productReference</key>
				<string>E4B69B5B0A3A1756003C02F2</string>
				<key>productType</key>
				<string>com.apple.product-type.application</string>
			</dict>
			<key>E4B69B5B0A3A1756003C02F2</key>
			<dict>
				<key>explicitFileType</key>
				<string>wrapper.application</string>
				<key>includeInIndex</key>
				<string>0</string>
				<key>isa</key>
				<string>PBXFileReference</string>
				<key>path</key>
				<string>ofxiOSDebug.app</string>
				<key>sourceTree</key>
				<string>BUILT_PRODUCTS_DIR</string>
			</dict>
			<key>E4B69B5F0A3A1757003C02F2</key>
			<dict>
				<key>buildConfigurations</key>
				<array>
					<string>E4B69B600A3A1757003C02F2</string>
					<string>E4B69B610A3A1757003C02F2</string>
					<string>99FA3DBC1C7456C400CFA0EE</string>
				</array>
				<key>defaultConfigurationIsVisible</key>
				<string>0</string>
				<key>defaultConfigurationName</key>
				<string>Release</string>
				<key>isa</key>
				<string>XCConfigurationList</string>
			</dict>
			<key>E4B69B600A3A1757003C02F2</key>
			<dict>
				<key>baseConfigurationReference</key>
				<string>E4EB6923138AFD0F00A09F29</string>
				<key>buildSettings</key>
				<dict>
					<key>HEADER_SEARCH_PATHS</key>
					<array>
						<string>$(OF_CORE_HEADERS)</string>
						<string>src</string>
						<string>src/app</string>
						<string>src/core</string>
						<string>src/events</string>
						<string>src/gl</string>
						<string>src/sound</string>
						<string>src/tvOS</string>
						<string>src/utils</string>
						<string>src/video</string>
					</array>
					<key>COMBINE_HIDPI_IMAGES</key>
					<string>YES</string>
					<key>COPY_PHASE_STRIP</key>
					<string>NO</string>
					<key>FRAMEWORK_SEARCH_PATHS</key>
					<string>$(inherited)</string>
					<key>GCC_DYNAMIC_NO_PIC</key>
					<string>NO</string>
					<key>GCC_GENERATE_DEBUGGING_SYMBOLS</key>
					<string>YES</string>
					<key>GCC_MODEL_TUNING</key>
					<string>NONE</string>
					<key>ICON</key>
					<string>$(ICON_NAME_DEBUG)</string>
					<key>ICON_FILE</key>
					<string>$(ICON_FILE_PATH)$(ICON)</string>
					<key>INFOPLIST_FILE</key>
					<string>openFrameworks-Info.plist</string>
					<key>INSTALL_PATH</key>
					<string>/Applications</string>
					<key>LIBRARY_SEARCH_PATHS</key>
					<string>$(inherited)</string>
					<key>PRODUCT_NAME</key>
					<string>$(TARGET_NAME)Debug</string>
					<key>WRAPPER_EXTENSION</key>
					<string>app</string>
				</dict>
				<key>isa</key>
				<string>XCBuildConfiguration</string>
				<key>name</key>
				<string>Debug</string>
			</dict>
			<key>E4B69B610A3A1757003C02F2</key>
			<dict>
				<key>baseConfigurationReference</key>
				<string>E4EB6923138AFD0F00A09F29</string>
				<key>buildSettings</key>
				<dict>
					<key>HEADER_SEARCH_PATHS</key>
					<array>
						<string>$(OF_CORE_HEADERS)</string>
						<string>src</string>
						<string>src/app</string>
						<string>src/core</string>
						<string>src/events</string>
						<string>src/gl</string>
						<string>src/sound</string>
						<string>src/tvOS</string>
						<string>src/utils</string>
						<string>src/video</string>
					</array>
					<key>COMBINE_HIDPI_IMAGES</key>
					<string>YES</string>
					<key>COPY_PHASE_STRIP</key>
					<string>YES</string>
					<key>FRAMEWORK_SEARCH_PATHS</key>
					<string>$(inherited)</string>
					<key>GCC_GENERATE_DEBUGGING_SYMBOLS</key>
					<string>YES</string>
					<key>GCC_MODEL_TUNING</key>
					<string>NONE</string>
					<key>ICON</key>
					<string>$(ICON_NAME_RELEASE)</string>
					<key>ICON_FILE</key>
					<string>$(ICON_FILE_PATH)$(ICON)</string>
					<key>INFOPLIST_FILE</key>
					<string>openFrameworks-Info.plist</string>
					<key>INSTALL_PATH</key>
					<string>/Applications</string>
					<key>LIBRARY_SEARCH_PATHS</key>
					<string>$(inherited)</string>
					<key>PRODUCT_NAME</key>
					<string>$(TARGET_NAME)</string>
					<key>WRAPPER_EXTENSION</key>
					<string>app</string>
					<key>baseConfigurationReference</key>
					<string>E4EB6923138AFD0F00A09F29</string>
				</dict>
				<key>isa</key>
				<string>XCBuildConfiguration</string>
				<key>name</key>
				<string>Release</string>
			</dict>
			<key>E4B69E1C0A3A1BDC003C02F2</key>
			<dict>
				<key>children</key>
				<array>
					<string>E4B69E1D0A3A1BDC003C02F2</string>
					<string>E4B69E1E0A3A1BDC003C02F2</string>
					<string>E4B69E1F0A3A1BDC003C02F2</string>
					<string>BE9DD360F550B0DF4D357E7B</string>
					<string>BC405D98CD8417CE9E222B0C</string>
					<string>61A76FEA2CAEA145E1D7BCAA</string>
					<string>7FD93944F0BD5425F0EA95D5</string>
					<string>D9DFA65F7ECBA59FA94CC8FA</string>
					<string>B24C42FE409643ED08BD7A6D</string>
					<string>C11AE9319240299440BC6FEB</string>
					<string>9975227C77E34F50CC580E96</string>
					<string>5CF35D60166F7DC5296F622E</string>
					<string>0CCB95280B6AAF82DD580396</string>
					<string>BB2908A6834CCFAC5CC3CC9E</string>
					<string>6B6AD5A931E565B62CDF53FA</string>
					<string>33FD26B8A189EF712A8D172B</string>
				</array>
				<key>isa</key>
				<string>PBXGroup</string>
				<key>path</key>
				<string>src</string>
				<key>sourceTree</key>
				<string>SOURCE_ROOT</string>
			</dict>
			<key>E4B69E1D0A3A1BDC003C02F2</key>
			<dict>
				<key>fileEncoding</key>
				<string>4</string>
				<key>isa</key>
				<string>PBXFileReference</string>
				<key>lastKnownFileType</key>
				<string>sourcecode.cpp.cpp</string>
				<key>name</key>
				<string>main.cpp</string>
				<key>path</key>
				<string>src/main.cpp</string>
				<key>sourceTree</key>
				<string>SOURCE_ROOT</string>
			</dict>
			<key>E4B69E1E0A3A1BDC003C02F2</key>
			<dict>
				<key>explicitFileType</key>
				<string>sourcecode.cpp.cpp</string>
				<key>fileEncoding</key>
				<string>4</string>
				<key>isa</key>
				<string>PBXFileReference</string>
				<key>name</key>
				<string>ofApp.cpp</string>
				<key>path</key>
				<string>src/ofApp.cpp</string>
				<key>sourceTree</key>
				<string>SOURCE_ROOT</string>
			</dict>
			<key>E4B69E1F0A3A1BDC003C02F2</key>
			<dict>
				<key>fileEncoding</key>
				<string>4</string>
				<key>isa</key>
				<string>PBXFileReference</string>
				<key>lastKnownFileType</key>
				<string>sourcecode.c.h</string>
				<key>name</key>
				<string>ofApp.h</string>
				<key>path</key>
				<string>src/ofApp.h</string>
				<key>sourceTree</key>
				<string>SOURCE_ROOT</string>
			</dict>
			<key>E4B69E200A3A1BDC003C02F2</key>
			<dict>
				<key>fileRef</key>
				<string>E4B69E1D0A3A1BDC003C02F2</string>
				<key>isa</key>
				<string>PBXBuildFile</string>
			</dict>
			<key>E4B69E210A3A1BDC003C02F2</key>
			<dict>
				<key>fileRef</key>
				<string>E4B69E1E0A3A1BDC003C02F2</string>
				<key>isa</key>
				<string>PBXBuildFile</string>
			</dict>
			<key>E4B6FCAD0C3E899E008CF71C</key>
			<dict>
				<key>fileEncoding</key>
				<string>4</string>
				<key>isa</key>
				<string>PBXFileReference</string>
				<key>lastKnownFileType</key>
				<string>text.plist.xml</string>
				<key>path</key>
				<string>openFrameworks-Info.plist</string>
				<key>sourceTree</key>
				<string>&lt;group&gt;</string>
			</dict>
			<key>E4B6FFFD0C3F9AB9008CF71C</key>
			<dict>
				<key>buildActionMask</key>
				<string>2147483647</string>
				<key>files</key>
				<array />
				<key>inputPaths</key>
				<array />
				<key>isa</key>
				<string>PBXShellScriptBuildPhase</string>
				<key>outputPaths</key>
				<array />
				<key>runOnlyForDeploymentPostprocessing</key>
				<string>0</string>
				<key>shellPath</key>
				<string>/bin/sh</string>
				<key>shellScript</key>
				<string>mkdir -p "$TARGET_BUILD_DIR/$PRODUCT_NAME.app/Contents/Resources/"
# Copy default icon file into App/Resources
rsync -aved "$ICON_FILE" "$TARGET_BUILD_DIR/$PRODUCT_NAME.app/Contents/Resources/"
# Copy libfmod and change install directory for fmod to run
rsync -aved "$OF_PATH/libs/fmodex/lib/osx/libfmodex.dylib" "$TARGET_BUILD_DIR/$PRODUCT_NAME.app/Contents/Frameworks/";
install_name_tool -change @executable_path/libfmodex.dylib @executable_path/../Frameworks/libfmodex.dylib "$TARGET_BUILD_DIR/$PRODUCT_NAME.app/Contents/MacOS/$PRODUCT_NAME";

echo "$GCC_PREPROCESSOR_DEFINITIONS";
</string>
			</dict>
			<key>E4C2427710CC5ABF004149E2</key>
			<dict>
				<key>buildActionMask</key>
				<string>2147483647</string>
				<key>dstPath</key>
				<string />
				<key>dstSubfolderSpec</key>
				<string>10</string>
				<key>files</key>
				<array />
				<key>isa</key>
				<string>PBXCopyFilesBuildPhase</string>
				<key>runOnlyForDeploymentPostprocessing</key>
				<string>0</string>
			</dict>
			<key>E4EB691F138AFCF100A09F29</key>
			<dict>
				<key>fileEncoding</key>
				<string>4</string>
				<key>isa</key>
				<string>PBXFileReference</string>
				<key>lastKnownFileType</key>
				<string>text.xcconfig</string>
				<key>name</key>
				<string>CoreOF.xcconfig</string>
				<key>path</key>
				<string>../../libs/openFrameworksCompiled/project/osx/CoreOF.xcconfig</string>
				<key>sourceTree</key>
				<string>SOURCE_ROOT</string>
			</dict>
			<key>E4EB6923138AFD0F00A09F29</key>
			<dict>
				<key>fileEncoding</key>
				<string>4</string>
				<key>isa</key>
				<string>PBXFileReference</string>
				<key>lastKnownFileType</key>
				<string>text.xcconfig</string>
				<key>path</key>
				<string>Project.xcconfig</string>
				<key>sourceTree</key>
				<string>&lt;group&gt;</string>
			</dict>
			<key>E4EEB9AB138B136A00A80321</key>
			<dict>
				<key>containerPortal</key>
				<string>E4328143138ABC890047C5CB</string>
				<key>isa</key>
				<string>PBXContainerItemProxy</string>
				<key>proxyType</key>
				<string>1</string>
				<key>remoteGlobalIDString</key>
				<string>E4B27C1410CBEB8E00536013</string>
				<key>remoteInfo</key>
				<string>openFrameworks</string>
			</dict>
			<key>E4EEB9AC138B136A00A80321</key>
			<dict>
				<key>isa</key>
				<string>PBXTargetDependency</string>
				<key>name</key>
				<string>openFrameworks</string>
				<key>targetProxy</key>
				<string>E4EEB9AB138B136A00A80321</string>
			</dict>
			<key>E4EEC9E9138DF44700A80321</key>
			<dict>
				<key>children</key>
				<array>
					<string>E4EB691F138AFCF100A09F29</string>
					<string>E4328143138ABC890047C5CB</string>
				</array>
				<key>isa</key>
				<string>PBXGroup</string>
				<key>name</key>
				<string>openFrameworks</string>
				<key>sourceTree</key>
				<string>&lt;group&gt;</string>
			</dict>
		</dict>
		<key>rootObject</key>
		<string>E4B69B4C0A3A1720003C02F2</string>
	</dict>
</plist>
